
Microsoft Visual Studio Solution File, Format Version 12.00
# Visual Studio Version 17
VisualStudioVersion = 17.6.33829.357
MinimumVisualStudioVersion = 10.0.40219.1
Project("{9A19103F-16F7-4668-BE54-9A1E7A4F7556}") = "ProjectOop", "ProjectOop.csproj", "{0530CAA6-D1E0-4369-ACFA-21D73E13CE0C}"
EndProject
Project("{FAE04EC0-301F-11D3-BF4B-00C04F79EFBC}") = "EntityLayer", "..\EntityLayer\EntityLayer.csproj", "{9AAC8A9E-4026-4F9C-9C8A-DBEA85961A70}"
EndProject
Project("{FAE04EC0-301F-11D3-BF4B-00C04F79EFBC}") = "DataAccessLayer", "..\DataAccessLayer\DataAccessLayer.csproj", "{FB5D8D85-1C7C-431C-8B5F-9917747B4192}"
EndProject
Project("{FAE04EC0-301F-11D3-BF4B-00C04F79EFBC}") = "BusinessLayer", "..\BusinessLayer\BusinessLayer.csproj", "{3C08F3AD-6A92-4225-ABD4-5F561060E385}"
EndProject
Global
	GlobalSection(SolutionConfigurationPlatforms) = preSolution
		Debug|Any CPU = Debug|Any CPU
		Release|Any CPU = Release|Any CPU
	EndGlobalSection
	GlobalSection(ProjectConfigurationPlatforms) = postSolution
		{0530CAA6-D1E0-4369-ACFA-21D73E13CE0C}.Debug|Any CPU.ActiveCfg = Debug|Any CPU
		{0530CAA6-D1E0-4369-ACFA-21D73E13CE0C}.Debug|Any CPU.Build.0 = Debug|Any CPU
		{0530CAA6-D1E0-4369-ACFA-21D73E13CE0C}.Release|Any CPU.ActiveCfg = Release|Any CPU
		{0530CAA6-D1E0-4369-ACFA-21D73E13CE0C}.Release|Any CPU.Build.0 = Release|Any CPU
		{9AAC8A9E-4026-4F9C-9C8A-DBEA85961A70}.Debug|Any CPU.ActiveCfg = Debug|Any CPU
		{9AAC8A9E-4026-4F9C-9C8A-DBEA85961A70}.Debug|Any CPU.Build.0 = Debug|Any CPU
		{9AAC8A9E-4026-4F9C-9C8A-DBEA85961A70}.Release|Any CPU.ActiveCfg = Release|Any CPU
		{9AAC8A9E-4026-4F9C-9C8A-DBEA85961A70}.Release|Any CPU.Build.0 = Release|Any CPU
		{FB5D8D85-1C7C-431C-8B5F-9917747B4192}.Debug|Any CPU.ActiveCfg = Debug|Any CPU
		{FB5D8D85-1C7C-431C-8B5F-9917747B4192}.Debug|Any CPU.Build.0 = Debug|Any CPU
		{FB5D8D85-1C7C-431C-8B5F-9917747B4192}.Release|Any CPU.ActiveCfg = Release|Any CPU
		{FB5D8D85-1C7C-431C-8B5F-9917747B4192}.Release|Any CPU.Build.0 = Release|Any CPU
		{3C08F3AD-6A92-4225-ABD4-5F561060E385}.Debug|Any CPU.ActiveCfg = Debug|Any CPU
		{3C08F3AD-6A92-4225-ABD4-5F561060E385}.Debug|Any CPU.Build.0 = Debug|Any CPU
		{3C08F3AD-6A92-4225-ABD4-5F561060E385}.Release|Any CPU.ActiveCfg = Release|Any CPU
		{3C08F3AD-6A92-4225-ABD4-5F561060E385}.Release|Any CPU.Build.0 = Release|Any CPU
	EndGlobalSection
	GlobalSection(SolutionProperties) = preSolution
		HideSolutionNode = FALSE
	EndGlobalSection
	GlobalSection(ExtensibilityGlobals) = postSolution
		SolutionGuid = {735716F6-C0EC-41F1-B0DC-82B553FE9B08}
	EndGlobalSection
EndGlobal
